
Microsoft Visual Studio Solution File, Format Version 12.00
# Visual Studio 15
VisualStudioVersion = 15.0.28307.1082
MinimumVisualStudioVersion = 10.0.40219.1
Project("{FAE04EC0-301F-11D3-BF4B-00C04F79EFBC}") = "Practica_2", "Practica_2\Practica_2.csproj", "{463AB161-FF29-4281-979A-77FE380745DE}"
EndProject
Global
	GlobalSection(SolutionConfigurationPlatforms) = preSolution
		Debug|Any CPU = Debug|Any CPU
		Release|Any CPU = Release|Any CPU
	EndGlobalSection
	GlobalSection(ProjectConfigurationPlatforms) = postSolution
		{463AB161-FF29-4281-979A-77FE380745DE}.Debug|Any CPU.ActiveCfg = Debug|Any CPU
		{463AB161-FF29-4281-979A-77FE380745DE}.Debug|Any CPU.Build.0 = Debug|Any CPU
		{463AB161-FF29-4281-979A-77FE380745DE}.Release|Any CPU.ActiveCfg = Release|Any CPU
		{463AB161-FF29-4281-979A-77FE380745DE}.Release|Any CPU.Build.0 = Release|Any CPU
	EndGlobalSection
	GlobalSection(SolutionProperties) = preSolution
		HideSolutionNode = FALSE
	EndGlobalSection
	GlobalSection(ExtensibilityGlobals) = postSolution
		SolutionGuid = {24376039-125F-416F-9010-E49BD109C857}
	EndGlobalSection
EndGlobal
